// !$*UTF8*$!
{
	archiveVersion = 1;
	classes = {
	};
	objectVersion = 48;
	objects = {

/* Begin PBXBuildFile section */
		50CC126D7FAB83A278BA370E /* libPods-SYAShortVideoWithSocial.a in Frameworks */ = {isa = PBXBuildFile; fileRef = C476391CCD524CC29EE97EA8 /* libPods-SYAShortVideoWithSocial.a */; };
		ABC75BE51FB6CBA4000D172F /* Assets.xcassets in Resources */ = {isa = PBXBuildFile; fileRef = ABC75BE41FB6CBA4000D172F /* Assets.xcassets */; };
		ABC75BE81FB6CBA4000D172F /* LaunchScreen.storyboard in Resources */ = {isa = PBXBuildFile; fileRef = ABC75BE61FB6CBA4000D172F /* LaunchScreen.storyboard */; };
		ABC75C1F1FB6CF55000D172F /* AppDelegate.m in Sources */ = {isa = PBXBuildFile; fileRef = ABC75BF31FB6CF55000D172F /* AppDelegate.m */; };
		ABC75C211FB6CF55000D172F /* main.m in Sources */ = {isa = PBXBuildFile; fileRef = ABC75C091FB6CF55000D172F /* main.m */; };
		ABD6DC4E1FB9768A00283789 /* channelDataBackgroudImage.png in Resources */ = {isa = PBXBuildFile; fileRef = ABD6DC4D1FB9768A00283789 /* channelDataBackgroudImage.png */; };
		ABD742DC1FB9438F0054D0CD /* SYAShortVideoBaseViewController.m in Sources */ = {isa = PBXBuildFile; fileRef = ABD742DB1FB9438F0054D0CD /* SYAShortVideoBaseViewController.m */; };
		ABD742DF1FB946C30054D0CD /* UIView+Frame.m in Sources */ = {isa = PBXBuildFile; fileRef = ABD742DD1FB946C20054D0CD /* UIView+Frame.m */; };
		ABD742E21FB946D70054D0CD /* UIImage+Image.m in Sources */ = {isa = PBXBuildFile; fileRef = ABD742E01FB946D70054D0CD /* UIImage+Image.m */; };
		ABD742E51FB947340054D0CD /* SYAShortVideoBaseViewModel.m in Sources */ = {isa = PBXBuildFile; fileRef = ABD742E41FB947340054D0CD /* SYAShortVideoBaseViewModel.m */; };
		ABD742E91FB948890054D0CD /* SYANavitationController.m in Sources */ = {isa = PBXBuildFile; fileRef = ABD742E81FB948890054D0CD /* SYANavitationController.m */; };
		ABD742EC1FB94A370054D0CD /* UIColor+Hex.m in Sources */ = {isa = PBXBuildFile; fileRef = ABD742EB1FB94A360054D0CD /* UIColor+Hex.m */; };
		ABD742F71FB94AD30054D0CD /* XMCenter.m in Sources */ = {isa = PBXBuildFile; fileRef = ABD742F01FB94AD30054D0CD /* XMCenter.m */; };
		ABD742F81FB94AD30054D0CD /* XMEngine.m in Sources */ = {isa = PBXBuildFile; fileRef = ABD742F31FB94AD30054D0CD /* XMEngine.m */; };
		ABD742F91FB94AD30054D0CD /* XMRequest.m in Sources */ = {isa = PBXBuildFile; fileRef = ABD742F51FB94AD30054D0CD /* XMRequest.m */; };
		ABD742FC1FB94B460054D0CD /* SYAHomePageViewController.m in Sources */ = {isa = PBXBuildFile; fileRef = ABD742FB1FB94B460054D0CD /* SYAHomePageViewController.m */; };
		ABD742FF1FB94BAF0054D0CD /* SYAMessageViewController.m in Sources */ = {isa = PBXBuildFile; fileRef = ABD742FE1FB94BAF0054D0CD /* SYAMessageViewController.m */; };
		ABD743021FB94BC30054D0CD /* SYAMineSettingViewController.m in Sources */ = {isa = PBXBuildFile; fileRef = ABD743011FB94BC30054D0CD /* SYAMineSettingViewController.m */; };
		ABD743051FB94BD30054D0CD /* SYAFoundViewController.m in Sources */ = {isa = PBXBuildFile; fileRef = ABD743041FB94BD30054D0CD /* SYAFoundViewController.m */; };
		ABD743081FB94BF80054D0CD /* SYAPublishViewController.m in Sources */ = {isa = PBXBuildFile; fileRef = ABD743071FB94BF80054D0CD /* SYAPublishViewController.m */; };
/* End PBXBuildFile section */

/* Begin PBXFileReference section */
		5A830870134FB5B2762591F4 /* Pods-SYAShortVideoWithSocial.release.xcconfig */ = {isa = PBXFileReference; includeInIndex = 1; lastKnownFileType = text.xcconfig; name = "Pods-SYAShortVideoWithSocial.release.xcconfig"; path = "Pods/Target Support Files/Pods-SYAShortVideoWithSocial/Pods-SYAShortVideoWithSocial.release.xcconfig"; sourceTree = "<group>"; };
		89D54AC8C3E14D8E9EAB2A33 /* Pods-SYAShortVideoWithSocial.debug.xcconfig */ = {isa = PBXFileReference; includeInIndex = 1; lastKnownFileType = text.xcconfig; name = "Pods-SYAShortVideoWithSocial.debug.xcconfig"; path = "Pods/Target Support Files/Pods-SYAShortVideoWithSocial/Pods-SYAShortVideoWithSocial.debug.xcconfig"; sourceTree = "<group>"; };
		ABC75BD81FB6CBA4000D172F /* SYAShortVideoWithSocial.app */ = {isa = PBXFileReference; explicitFileType = wrapper.application; includeInIndex = 0; path = SYAShortVideoWithSocial.app; sourceTree = BUILT_PRODUCTS_DIR; };
		ABC75BE41FB6CBA4000D172F /* Assets.xcassets */ = {isa = PBXFileReference; lastKnownFileType = folder.assetcatalog; path = Assets.xcassets; sourceTree = "<group>"; };
		ABC75BE71FB6CBA4000D172F /* Base */ = {isa = PBXFileReference; lastKnownFileType = file.storyboard; name = Base; path = Base.lproj/LaunchScreen.storyboard; sourceTree = "<group>"; };
		ABC75BF21FB6CF55000D172F /* AppDelegate.h */ = {isa = PBXFileReference; fileEncoding = 4; lastKnownFileType = sourcecode.c.h; path = AppDelegate.h; sourceTree = "<group>"; };
		ABC75BF31FB6CF55000D172F /* AppDelegate.m */ = {isa = PBXFileReference; fileEncoding = 4; lastKnownFileType = sourcecode.c.objc; path = AppDelegate.m; sourceTree = "<group>"; };
		ABC75BFE1FB6CF55000D172F /* Info.plist */ = {isa = PBXFileReference; fileEncoding = 4; lastKnownFileType = text.plist.xml; path = Info.plist; sourceTree = "<group>"; };
		ABC75C091FB6CF55000D172F /* main.m */ = {isa = PBXFileReference; fileEncoding = 4; lastKnownFileType = sourcecode.c.objc; path = main.m; sourceTree = "<group>"; };
		ABD6DC4D1FB9768A00283789 /* channelDataBackgroudImage.png */ = {isa = PBXFileReference; lastKnownFileType = image.png; path = channelDataBackgroudImage.png; sourceTree = "<group>"; };
		ABD742D31FB934180054D0CD /* SYAShortVideoWithSocial.pch */ = {isa = PBXFileReference; lastKnownFileType = sourcecode.c.h; path = SYAShortVideoWithSocial.pch; sourceTree = "<group>"; };
		ABD742DA1FB9438F0054D0CD /* SYAShortVideoBaseViewController.h */ = {isa = PBXFileReference; lastKnownFileType = sourcecode.c.h; path = SYAShortVideoBaseViewController.h; sourceTree = "<group>"; };
		ABD742DB1FB9438F0054D0CD /* SYAShortVideoBaseViewController.m */ = {isa = PBXFileReference; lastKnownFileType = sourcecode.c.objc; path = SYAShortVideoBaseViewController.m; sourceTree = "<group>"; };
		ABD742DD1FB946C20054D0CD /* UIView+Frame.m */ = {isa = PBXFileReference; fileEncoding = 4; lastKnownFileType = sourcecode.c.objc; path = "UIView+Frame.m"; sourceTree = "<group>"; };
		ABD742DE1FB946C30054D0CD /* UIView+Frame.h */ = {isa = PBXFileReference; fileEncoding = 4; lastKnownFileType = sourcecode.c.h; path = "UIView+Frame.h"; sourceTree = "<group>"; };
		ABD742E01FB946D70054D0CD /* UIImage+Image.m */ = {isa = PBXFileReference; fileEncoding = 4; lastKnownFileType = sourcecode.c.objc; path = "UIImage+Image.m"; sourceTree = "<group>"; };
		ABD742E11FB946D70054D0CD /* UIImage+Image.h */ = {isa = PBXFileReference; fileEncoding = 4; lastKnownFileType = sourcecode.c.h; path = "UIImage+Image.h"; sourceTree = "<group>"; };
		ABD742E31FB947340054D0CD /* SYAShortVideoBaseViewModel.h */ = {isa = PBXFileReference; lastKnownFileType = sourcecode.c.h; path = SYAShortVideoBaseViewModel.h; sourceTree = "<group>"; };
		ABD742E41FB947340054D0CD /* SYAShortVideoBaseViewModel.m */ = {isa = PBXFileReference; lastKnownFileType = sourcecode.c.objc; path = SYAShortVideoBaseViewModel.m; sourceTree = "<group>"; };
		ABD742E61FB947C80054D0CD /* SYAShortVideoBaseViewControllProtocol.h */ = {isa = PBXFileReference; lastKnownFileType = sourcecode.c.h; path = SYAShortVideoBaseViewControllProtocol.h; sourceTree = "<group>"; };
		ABD742E71FB948890054D0CD /* SYANavitationController.h */ = {isa = PBXFileReference; lastKnownFileType = sourcecode.c.h; path = SYANavitationController.h; sourceTree = "<group>"; };
		ABD742E81FB948890054D0CD /* SYANavitationController.m */ = {isa = PBXFileReference; lastKnownFileType = sourcecode.c.objc; path = SYANavitationController.m; sourceTree = "<group>"; };
		ABD742EA1FB94A360054D0CD /* UIColor+Hex.h */ = {isa = PBXFileReference; fileEncoding = 4; lastKnownFileType = sourcecode.c.h; path = "UIColor+Hex.h"; sourceTree = "<group>"; };
		ABD742EB1FB94A360054D0CD /* UIColor+Hex.m */ = {isa = PBXFileReference; fileEncoding = 4; lastKnownFileType = sourcecode.c.objc; path = "UIColor+Hex.m"; sourceTree = "<group>"; };
		ABD742EF1FB94AD30054D0CD /* XMCenter.h */ = {isa = PBXFileReference; fileEncoding = 4; lastKnownFileType = sourcecode.c.h; path = XMCenter.h; sourceTree = "<group>"; };
		ABD742F01FB94AD30054D0CD /* XMCenter.m */ = {isa = PBXFileReference; fileEncoding = 4; lastKnownFileType = sourcecode.c.objc; path = XMCenter.m; sourceTree = "<group>"; };
		ABD742F11FB94AD30054D0CD /* XMConst.h */ = {isa = PBXFileReference; fileEncoding = 4; lastKnownFileType = sourcecode.c.h; path = XMConst.h; sourceTree = "<group>"; };
		ABD742F21FB94AD30054D0CD /* XMEngine.h */ = {isa = PBXFileReference; fileEncoding = 4; lastKnownFileType = sourcecode.c.h; path = XMEngine.h; sourceTree = "<group>"; };
		ABD742F31FB94AD30054D0CD /* XMEngine.m */ = {isa = PBXFileReference; fileEncoding = 4; lastKnownFileType = sourcecode.c.objc; path = XMEngine.m; sourceTree = "<group>"; };
		ABD742F41FB94AD30054D0CD /* XMRequest.h */ = {isa = PBXFileReference; fileEncoding = 4; lastKnownFileType = sourcecode.c.h; path = XMRequest.h; sourceTree = "<group>"; };
		ABD742F51FB94AD30054D0CD /* XMRequest.m */ = {isa = PBXFileReference; fileEncoding = 4; lastKnownFileType = sourcecode.c.objc; path = XMRequest.m; sourceTree = "<group>"; };
		ABD742F61FB94AD30054D0CD /* XMNetworking.h */ = {isa = PBXFileReference; fileEncoding = 4; lastKnownFileType = sourcecode.c.h; path = XMNetworking.h; sourceTree = "<group>"; };
		ABD742FA1FB94B460054D0CD /* SYAHomePageViewController.h */ = {isa = PBXFileReference; lastKnownFileType = sourcecode.c.h; path = SYAHomePageViewController.h; sourceTree = "<group>"; };
		ABD742FB1FB94B460054D0CD /* SYAHomePageViewController.m */ = {isa = PBXFileReference; lastKnownFileType = sourcecode.c.objc; path = SYAHomePageViewController.m; sourceTree = "<group>"; };
		ABD742FD1FB94BAF0054D0CD /* SYAMessageViewController.h */ = {isa = PBXFileReference; lastKnownFileType = sourcecode.c.h; path = SYAMessageViewController.h; sourceTree = "<group>"; };
		ABD742FE1FB94BAF0054D0CD /* SYAMessageViewController.m */ = {isa = PBXFileReference; lastKnownFileType = sourcecode.c.objc; path = SYAMessageViewController.m; sourceTree = "<group>"; };
		ABD743001FB94BC30054D0CD /* SYAMineSettingViewController.h */ = {isa = PBXFileReference; lastKnownFileType = sourcecode.c.h; path = SYAMineSettingViewController.h; sourceTree = "<group>"; };
		ABD743011FB94BC30054D0CD /* SYAMineSettingViewController.m */ = {isa = PBXFileReference; lastKnownFileType = sourcecode.c.objc; path = SYAMineSettingViewController.m; sourceTree = "<group>"; };
		ABD743031FB94BD30054D0CD /* SYAFoundViewController.h */ = {isa = PBXFileReference; lastKnownFileType = sourcecode.c.h; path = SYAFoundViewController.h; sourceTree = "<group>"; };
		ABD743041FB94BD30054D0CD /* SYAFoundViewController.m */ = {isa = PBXFileReference; lastKnownFileType = sourcecode.c.objc; path = SYAFoundViewController.m; sourceTree = "<group>"; };
		ABD743061FB94BF80054D0CD /* SYAPublishViewController.h */ = {isa = PBXFileReference; lastKnownFileType = sourcecode.c.h; path = SYAPublishViewController.h; sourceTree = "<group>"; };
		ABD743071FB94BF80054D0CD /* SYAPublishViewController.m */ = {isa = PBXFileReference; lastKnownFileType = sourcecode.c.objc; path = SYAPublishViewController.m; sourceTree = "<group>"; };
		C476391CCD524CC29EE97EA8 /* libPods-SYAShortVideoWithSocial.a */ = {isa = PBXFileReference; explicitFileType = archive.ar; includeInIndex = 0; path = "libPods-SYAShortVideoWithSocial.a"; sourceTree = BUILT_PRODUCTS_DIR; };
/* End PBXFileReference section */

/* Begin PBXFrameworksBuildPhase section */
		ABC75BD51FB6CBA3000D172F /* Frameworks */ = {
			isa = PBXFrameworksBuildPhase;
			buildActionMask = 2147483647;
			files = (
				50CC126D7FAB83A278BA370E /* libPods-SYAShortVideoWithSocial.a in Frameworks */,
			);
			runOnlyForDeploymentPostprocessing = 0;
		};
/* End PBXFrameworksBuildPhase section */

/* Begin PBXGroup section */
		ABC75BCF1FB6CBA3000D172F = {
			isa = PBXGroup;
			children = (
				ABC75BDA1FB6CBA4000D172F /* SYAShortVideoWithSocial */,
				ABC75BD91FB6CBA4000D172F /* Products */,
				FDCA486737B1C0504775BF85 /* Pods */,
				B74A831A317AB63F5A5EB0B7 /* Frameworks */,
			);
			sourceTree = "<group>";
			wrapsLines = 1;
		};
		ABC75BD91FB6CBA4000D172F /* Products */ = {
			isa = PBXGroup;
			children = (
				ABC75BD81FB6CBA4000D172F /* SYAShortVideoWithSocial.app */,
			);
			name = Products;
			sourceTree = "<group>";
		};
		ABC75BDA1FB6CBA4000D172F /* SYAShortVideoWithSocial */ = {
			isa = PBXGroup;
			children = (
				ABC75BF11FB6CF55000D172F /* Classes */,
				ABC75BE41FB6CBA4000D172F /* Assets.xcassets */,
				ABC75BE61FB6CBA4000D172F /* LaunchScreen.storyboard */,
			);
			path = SYAShortVideoWithSocial;
			sourceTree = "<group>";
		};
		ABC75BF11FB6CF55000D172F /* Classes */ = {
			isa = PBXGroup;
			children = (
				ABC75BF21FB6CF55000D172F /* AppDelegate.h */,
				ABC75BF31FB6CF55000D172F /* AppDelegate.m */,
				ABC75C091FB6CF55000D172F /* main.m */,
				ABC75BFE1FB6CF55000D172F /* Info.plist */,
				ABC75BF41FB6CF55000D172F /* Found */,
				ABC75BF91FB6CF55000D172F /* HomePage */,
				ABC75BFF1FB6CF55000D172F /* LoginAndRegister */,
				ABC75C041FB6CF55000D172F /* Main */,
				ABC75C0A1FB6CF55000D172F /* Message */,
				ABC75C0F1FB6CF55000D172F /* MineSetting */,
				ABC75C141FB6CF55000D172F /* Other */,
				ABC75C181FB6CF55000D172F /* Publish */,
			);
			path = Classes;
			sourceTree = "<group>";
		};
		ABC75BF41FB6CF55000D172F /* Found */ = {
			isa = PBXGroup;
			children = (
				ABC75BF51FB6CF55000D172F /* Controller */,
				ABC75BF61FB6CF55000D172F /* Model */,
				ABC75BF71FB6CF55000D172F /* View */,
				ABC75BF81FB6CF55000D172F /* ViewModel */,
			);
			path = Found;
			sourceTree = "<group>";
		};
		ABC75BF51FB6CF55000D172F /* Controller */ = {
			isa = PBXGroup;
			children = (
				ABD743031FB94BD30054D0CD /* SYAFoundViewController.h */,
				ABD743041FB94BD30054D0CD /* SYAFoundViewController.m */,
			);
			path = Controller;
			sourceTree = "<group>";
		};
		ABC75BF61FB6CF55000D172F /* Model */ = {
			isa = PBXGroup;
			children = (
			);
			path = Model;
			sourceTree = "<group>";
		};
		ABC75BF71FB6CF55000D172F /* View */ = {
			isa = PBXGroup;
			children = (
			);
			path = View;
			sourceTree = "<group>";
		};
		ABC75BF81FB6CF55000D172F /* ViewModel */ = {
			isa = PBXGroup;
			children = (
			);
			path = ViewModel;
			sourceTree = "<group>";
		};
		ABC75BF91FB6CF55000D172F /* HomePage */ = {
			isa = PBXGroup;
			children = (
				ABC75BFA1FB6CF55000D172F /* Controller */,
				ABC75BFB1FB6CF55000D172F /* Model */,
				ABC75BFC1FB6CF55000D172F /* View */,
				ABC75BFD1FB6CF55000D172F /* ViewModel */,
			);
			path = HomePage;
			sourceTree = "<group>";
		};
		ABC75BFA1FB6CF55000D172F /* Controller */ = {
			isa = PBXGroup;
			children = (
				ABD6DC4D1FB9768A00283789 /* channelDataBackgroudImage.png */,
				ABD742FA1FB94B460054D0CD /* SYAHomePageViewController.h */,
				ABD742FB1FB94B460054D0CD /* SYAHomePageViewController.m */,
			);
			path = Controller;
			sourceTree = "<group>";
		};
		ABC75BFB1FB6CF55000D172F /* Model */ = {
			isa = PBXGroup;
			children = (
			);
			path = Model;
			sourceTree = "<group>";
		};
		ABC75BFC1FB6CF55000D172F /* View */ = {
			isa = PBXGroup;
			children = (
			);
			path = View;
			sourceTree = "<group>";
		};
		ABC75BFD1FB6CF55000D172F /* ViewModel */ = {
			isa = PBXGroup;
			children = (
			);
			path = ViewModel;
			sourceTree = "<group>";
		};
		ABC75BFF1FB6CF55000D172F /* LoginAndRegister */ = {
			isa = PBXGroup;
			children = (
				ABC75C001FB6CF55000D172F /* Controller */,
				ABC75C011FB6CF55000D172F /* Model */,
				ABC75C021FB6CF55000D172F /* View */,
				ABC75C031FB6CF55000D172F /* ViewModel */,
			);
			path = LoginAndRegister;
			sourceTree = "<group>";
		};
		ABC75C001FB6CF55000D172F /* Controller */ = {
			isa = PBXGroup;
			children = (
			);
			path = Controller;
			sourceTree = "<group>";
		};
		ABC75C011FB6CF55000D172F /* Model */ = {
			isa = PBXGroup;
			children = (
			);
			path = Model;
			sourceTree = "<group>";
		};
		ABC75C021FB6CF55000D172F /* View */ = {
			isa = PBXGroup;
			children = (
			);
			path = View;
			sourceTree = "<group>";
		};
		ABC75C031FB6CF55000D172F /* ViewModel */ = {
			isa = PBXGroup;
			children = (
			);
			path = ViewModel;
			sourceTree = "<group>";
		};
		ABC75C041FB6CF55000D172F /* Main */ = {
			isa = PBXGroup;
			children = (
				ABC75C051FB6CF55000D172F /* Controller */,
				ABC75C061FB6CF55000D172F /* Model */,
				ABC75C071FB6CF55000D172F /* View */,
				ABC75C081FB6CF55000D172F /* ViewModel */,
			);
			path = Main;
			sourceTree = "<group>";
		};
		ABC75C051FB6CF55000D172F /* Controller */ = {
			isa = PBXGroup;
			children = (
				ABD742DA1FB9438F0054D0CD /* SYAShortVideoBaseViewController.h */,
				ABD742DB1FB9438F0054D0CD /* SYAShortVideoBaseViewController.m */,
				ABD742E61FB947C80054D0CD /* SYAShortVideoBaseViewControllProtocol.h */,
				ABD742E71FB948890054D0CD /* SYANavitationController.h */,
				ABD742E81FB948890054D0CD /* SYANavitationController.m */,
			);
			path = Controller;
			sourceTree = "<group>";
		};
		ABC75C061FB6CF55000D172F /* Model */ = {
			isa = PBXGroup;
			children = (
			);
			path = Model;
			sourceTree = "<group>";
		};
		ABC75C071FB6CF55000D172F /* View */ = {
			isa = PBXGroup;
			children = (
			);
			path = View;
			sourceTree = "<group>";
		};
		ABC75C081FB6CF55000D172F /* ViewModel */ = {
			isa = PBXGroup;
			children = (
				ABD742E31FB947340054D0CD /* SYAShortVideoBaseViewModel.h */,
				ABD742E41FB947340054D0CD /* SYAShortVideoBaseViewModel.m */,
			);
			path = ViewModel;
			sourceTree = "<group>";
		};
		ABC75C0A1FB6CF55000D172F /* Message */ = {
			isa = PBXGroup;
			children = (
				ABC75C0B1FB6CF55000D172F /* Controller */,
				ABC75C0C1FB6CF55000D172F /* Model */,
				ABC75C0D1FB6CF55000D172F /* View */,
				ABC75C0E1FB6CF55000D172F /* ViewModel */,
			);
			path = Message;
			sourceTree = "<group>";
		};
		ABC75C0B1FB6CF55000D172F /* Controller */ = {
			isa = PBXGroup;
			children = (
				ABD742FD1FB94BAF0054D0CD /* SYAMessageViewController.h */,
				ABD742FE1FB94BAF0054D0CD /* SYAMessageViewController.m */,
			);
			path = Controller;
			sourceTree = "<group>";
		};
		ABC75C0C1FB6CF55000D172F /* Model */ = {
			isa = PBXGroup;
			children = (
			);
			path = Model;
			sourceTree = "<group>";
		};
		ABC75C0D1FB6CF55000D172F /* View */ = {
			isa = PBXGroup;
			children = (
			);
			path = View;
			sourceTree = "<group>";
		};
		ABC75C0E1FB6CF55000D172F /* ViewModel */ = {
			isa = PBXGroup;
			children = (
			);
			path = ViewModel;
			sourceTree = "<group>";
		};
		ABC75C0F1FB6CF55000D172F /* MineSetting */ = {
			isa = PBXGroup;
			children = (
				ABC75C101FB6CF55000D172F /* Controller */,
				ABC75C111FB6CF55000D172F /* Model */,
				ABC75C121FB6CF55000D172F /* View */,
				ABC75C131FB6CF55000D172F /* ViewModel */,
			);
			path = MineSetting;
			sourceTree = "<group>";
		};
		ABC75C101FB6CF55000D172F /* Controller */ = {
			isa = PBXGroup;
			children = (
				ABD743001FB94BC30054D0CD /* SYAMineSettingViewController.h */,
				ABD743011FB94BC30054D0CD /* SYAMineSettingViewController.m */,
			);
			path = Controller;
			sourceTree = "<group>";
		};
		ABC75C111FB6CF55000D172F /* Model */ = {
			isa = PBXGroup;
			children = (
			);
			path = Model;
			sourceTree = "<group>";
		};
		ABC75C121FB6CF55000D172F /* View */ = {
			isa = PBXGroup;
			children = (
			);
			path = View;
			sourceTree = "<group>";
		};
		ABC75C131FB6CF55000D172F /* ViewModel */ = {
			isa = PBXGroup;
			children = (
			);
			path = ViewModel;
			sourceTree = "<group>";
		};
		ABC75C141FB6CF55000D172F /* Other */ = {
			isa = PBXGroup;
			children = (
				ABC75C151FB6CF55000D172F /* Category */,
				ABC75C161FB6CF55000D172F /* Lib */,
				ABC75C171FB6CF55000D172F /* Tool */,
				ABD742D31FB934180054D0CD /* SYAShortVideoWithSocial.pch */,
			);
			path = Other;
			sourceTree = "<group>";
		};
		ABC75C151FB6CF55000D172F /* Category */ = {
			isa = PBXGroup;
			children = (
				ABD742EA1FB94A360054D0CD /* UIColor+Hex.h */,
				ABD742EB1FB94A360054D0CD /* UIColor+Hex.m */,
				ABD742DE1FB946C30054D0CD /* UIView+Frame.h */,
				ABD742DD1FB946C20054D0CD /* UIView+Frame.m */,
				ABD742E11FB946D70054D0CD /* UIImage+Image.h */,
				ABD742E01FB946D70054D0CD /* UIImage+Image.m */,
			);
			path = Category;
			sourceTree = "<group>";
		};
		ABC75C161FB6CF55000D172F /* Lib */ = {
			isa = PBXGroup;
			children = (
				ABD742ED1FB94AD30054D0CD /* XMNetworking */,
			);
			path = Lib;
			sourceTree = "<group>";
		};
		ABC75C171FB6CF55000D172F /* Tool */ = {
			isa = PBXGroup;
			children = (
			);
			path = Tool;
			sourceTree = "<group>";
		};
		ABC75C181FB6CF55000D172F /* Publish */ = {
			isa = PBXGroup;
			children = (
				ABC75C191FB6CF55000D172F /* Controller */,
				ABC75C1A1FB6CF55000D172F /* Model */,
				ABC75C1B1FB6CF55000D172F /* View */,
				ABC75C1C1FB6CF55000D172F /* ViewModel */,
			);
			path = Publish;
			sourceTree = "<group>";
		};
		ABC75C191FB6CF55000D172F /* Controller */ = {
			isa = PBXGroup;
			children = (
				ABD743061FB94BF80054D0CD /* SYAPublishViewController.h */,
				ABD743071FB94BF80054D0CD /* SYAPublishViewController.m */,
			);
			path = Controller;
			sourceTree = "<group>";
		};
		ABC75C1A1FB6CF55000D172F /* Model */ = {
			isa = PBXGroup;
			children = (
			);
			path = Model;
			sourceTree = "<group>";
		};
		ABC75C1B1FB6CF55000D172F /* View */ = {
			isa = PBXGroup;
			children = (
			);
			path = View;
			sourceTree = "<group>";
		};
		ABC75C1C1FB6CF55000D172F /* ViewModel */ = {
			isa = PBXGroup;
			children = (
			);
			path = ViewModel;
			sourceTree = "<group>";
		};
		ABD742ED1FB94AD30054D0CD /* XMNetworking */ = {
			isa = PBXGroup;
			children = (
				ABD742EE1FB94AD30054D0CD /* Core */,
				ABD742F61FB94AD30054D0CD /* XMNetworking.h */,
			);
			path = XMNetworking;
			sourceTree = "<group>";
		};
		ABD742EE1FB94AD30054D0CD /* Core */ = {
			isa = PBXGroup;
			children = (
				ABD742EF1FB94AD30054D0CD /* XMCenter.h */,
				ABD742F01FB94AD30054D0CD /* XMCenter.m */,
				ABD742F11FB94AD30054D0CD /* XMConst.h */,
				ABD742F21FB94AD30054D0CD /* XMEngine.h */,
				ABD742F31FB94AD30054D0CD /* XMEngine.m */,
				ABD742F41FB94AD30054D0CD /* XMRequest.h */,
				ABD742F51FB94AD30054D0CD /* XMRequest.m */,
			);
			path = Core;
			sourceTree = "<group>";
		};
		B74A831A317AB63F5A5EB0B7 /* Frameworks */ = {
			isa = PBXGroup;
			children = (
				C476391CCD524CC29EE97EA8 /* libPods-SYAShortVideoWithSocial.a */,
			);
			name = Frameworks;
			sourceTree = "<group>";
		};
		FDCA486737B1C0504775BF85 /* Pods */ = {
			isa = PBXGroup;
			children = (
				89D54AC8C3E14D8E9EAB2A33 /* Pods-SYAShortVideoWithSocial.debug.xcconfig */,
				5A830870134FB5B2762591F4 /* Pods-SYAShortVideoWithSocial.release.xcconfig */,
			);
			name = Pods;
			sourceTree = "<group>";
		};
/* End PBXGroup section */

/* Begin PBXNativeTarget section */
		ABC75BD71FB6CBA3000D172F /* SYAShortVideoWithSocial */ = {
			isa = PBXNativeTarget;
			buildConfigurationList = ABC75BEE1FB6CBA4000D172F /* Build configuration list for PBXNativeTarget "SYAShortVideoWithSocial" */;
			buildPhases = (
				C20CAD042DDD4D2979960DDF /* [CP] Check Pods Manifest.lock */,
				ABC75BD41FB6CBA3000D172F /* Sources */,
				ABC75BD51FB6CBA3000D172F /* Frameworks */,
				ABC75BD61FB6CBA3000D172F /* Resources */,
				5DDF873816477671DCF47F4A /* [CP] Embed Pods Frameworks */,
				E61D9FB116830D9976F3E3B2 /* [CP] Copy Pods Resources */,
			);
			buildRules = (
			);
			dependencies = (
			);
			name = SYAShortVideoWithSocial;
			productName = SYAShortVideoWithSocial;
			productReference = ABC75BD81FB6CBA4000D172F /* SYAShortVideoWithSocial.app */;
			productType = "com.apple.product-type.application";
		};
/* End PBXNativeTarget section */

/* Begin PBXProject section */
		ABC75BD01FB6CBA3000D172F /* Project object */ = {
			isa = PBXProject;
			attributes = {
				CLASSPREFIX = SYA;
				LastUpgradeCheck = 0910;
				ORGANIZATIONNAME = lejiakeji;
				TargetAttributes = {
					ABC75BD71FB6CBA3000D172F = {
						CreatedOnToolsVersion = 9.1;
						ProvisioningStyle = Automatic;
					};
				};
			};
			buildConfigurationList = ABC75BD31FB6CBA3000D172F /* Build configuration list for PBXProject "SYAShortVideoWithSocial" */;
			compatibilityVersion = "Xcode 8.0";
			developmentRegion = en;
			hasScannedForEncodings = 0;
			knownRegions = (
				en,
				Base,
			);
			mainGroup = ABC75BCF1FB6CBA3000D172F;
			productRefGroup = ABC75BD91FB6CBA4000D172F /* Products */;
			projectDirPath = "";
			projectRoot = "";
			targets = (
				ABC75BD71FB6CBA3000D172F /* SYAShortVideoWithSocial */,
			);
		};
/* End PBXProject section */

/* Begin PBXResourcesBuildPhase section */
		ABC75BD61FB6CBA3000D172F /* Resources */ = {
			isa = PBXResourcesBuildPhase;
			buildActionMask = 2147483647;
			files = (
				ABC75BE81FB6CBA4000D172F /* LaunchScreen.storyboard in Resources */,
				ABD6DC4E1FB9768A00283789 /* channelDataBackgroudImage.png in Resources */,
				ABC75BE51FB6CBA4000D172F /* Assets.xcassets in Resources */,
			);
			runOnlyForDeploymentPostprocessing = 0;
		};
/* End PBXResourcesBuildPhase section */

/* Begin PBXShellScriptBuildPhase section */
		5DDF873816477671DCF47F4A /* [CP] Embed Pods Frameworks */ = {
			isa = PBXShellScriptBuildPhase;
			buildActionMask = 2147483647;
			files = (
			);
			inputPaths = (
			);
			name = "[CP] Embed Pods Frameworks";
			outputPaths = (
			);
			runOnlyForDeploymentPostprocessing = 0;
			shellPath = /bin/sh;
			shellScript = "\"${SRCROOT}/Pods/Target Support Files/Pods-SYAShortVideoWithSocial/Pods-SYAShortVideoWithSocial-frameworks.sh\"\n";
			showEnvVarsInLog = 0;
		};
		C20CAD042DDD4D2979960DDF /* [CP] Check Pods Manifest.lock */ = {
			isa = PBXShellScriptBuildPhase;
			buildActionMask = 2147483647;
			files = (
			);
			inputPaths = (
			);
			name = "[CP] Check Pods Manifest.lock";
			outputPaths = (
			);
			runOnlyForDeploymentPostprocessing = 0;
			shellPath = /bin/sh;
			shellScript = "diff \"${PODS_ROOT}/../Podfile.lock\" \"${PODS_ROOT}/Manifest.lock\" > /dev/null\nif [ $? != 0 ] ; then\n    # print error to STDERR\n    echo \"error: The sandbox is not in sync with the Podfile.lock. Run 'pod install' or update your CocoaPods installation.\" >&2\n    exit 1\nfi\n";
			showEnvVarsInLog = 0;
		};
		E61D9FB116830D9976F3E3B2 /* [CP] Copy Pods Resources */ = {
			isa = PBXShellScriptBuildPhase;
			buildActionMask = 2147483647;
			files = (
			);
			inputPaths = (
			);
			name = "[CP] Copy Pods Resources";
			outputPaths = (
			);
			runOnlyForDeploymentPostprocessing = 0;
			shellPath = /bin/sh;
			shellScript = "\"${SRCROOT}/Pods/Target Support Files/Pods-SYAShortVideoWithSocial/Pods-SYAShortVideoWithSocial-resources.sh\"\n";
			showEnvVarsInLog = 0;
		};
/* End PBXShellScriptBuildPhase section */

/* Begin PBXSourcesBuildPhase section */
		ABC75BD41FB6CBA3000D172F /* Sources */ = {
			isa = PBXSourcesBuildPhase;
			buildActionMask = 2147483647;
			files = (
				ABD742F91FB94AD30054D0CD /* XMRequest.m in Sources */,
				ABD742E91FB948890054D0CD /* SYANavitationController.m in Sources */,
				ABD742E51FB947340054D0CD /* SYAShortVideoBaseViewModel.m in Sources */,
				ABD742DF1FB946C30054D0CD /* UIView+Frame.m in Sources */,
				ABD743021FB94BC30054D0CD /* SYAMineSettingViewController.m in Sources */,
				ABD743051FB94BD30054D0CD /* SYAFoundViewController.m in Sources */,
				ABD742FC1FB94B460054D0CD /* SYAHomePageViewController.m in Sources */,
				ABD742E21FB946D70054D0CD /* UIImage+Image.m in Sources */,
				ABD743081FB94BF80054D0CD /* SYAPublishViewController.m in Sources */,
				ABD742DC1FB9438F0054D0CD /* SYAShortVideoBaseViewController.m in Sources */,
				ABD742FF1FB94BAF0054D0CD /* SYAMessageViewController.m in Sources */,
				ABD742EC1FB94A370054D0CD /* UIColor+Hex.m in Sources */,
				ABD742F81FB94AD30054D0CD /* XMEngine.m in Sources */,
				ABD742F71FB94AD30054D0CD /* XMCenter.m in Sources */,
				ABC75C211FB6CF55000D172F /* main.m in Sources */,
				ABC75C1F1FB6CF55000D172F /* AppDelegate.m in Sources */,
			);
			runOnlyForDeploymentPostprocessing = 0;
		};
/* End PBXSourcesBuildPhase section */

/* Begin PBXVariantGroup section */
		ABC75BE61FB6CBA4000D172F /* LaunchScreen.storyboard */ = {
			isa = PBXVariantGroup;
			children = (
				ABC75BE71FB6CBA4000D172F /* Base */,
			);
			name = LaunchScreen.storyboard;
			sourceTree = "<group>";
		};
/* End PBXVariantGroup section */

/* Begin XCBuildConfiguration section */
		ABC75BEC1FB6CBA4000D172F /* Debug */ = {
			isa = XCBuildConfiguration;
			buildSettings = {
				ALWAYS_SEARCH_USER_PATHS = NO;
				CLANG_ANALYZER_NONNULL = YES;
				CLANG_ANALYZER_NUMBER_OBJECT_CONVERSION = YES_AGGRESSIVE;
				CLANG_CXX_LANGUAGE_STANDARD = "gnu++14";
				CLANG_CXX_LIBRARY = "libc++";
				CLANG_ENABLE_MODULES = YES;
				CLANG_ENABLE_OBJC_ARC = YES;
				CLANG_WARN_BLOCK_CAPTURE_AUTORELEASING = YES;
				CLANG_WARN_BOOL_CONVERSION = YES;
				CLANG_WARN_COMMA = YES;
				CLANG_WARN_CONSTANT_CONVERSION = YES;
				CLANG_WARN_DIRECT_OBJC_ISA_USAGE = YES_ERROR;
				CLANG_WARN_DOCUMENTATION_COMMENTS = YES;
				CLANG_WARN_EMPTY_BODY = YES;
				CLANG_WARN_ENUM_CONVERSION = YES;
				CLANG_WARN_INFINITE_RECURSION = YES;
				CLANG_WARN_INT_CONVERSION = YES;
				CLANG_WARN_NON_LITERAL_NULL_CONVERSION = YES;
				CLANG_WARN_OBJC_LITERAL_CONVERSION = YES;
				CLANG_WARN_OBJC_ROOT_CLASS = YES_ERROR;
				CLANG_WARN_RANGE_LOOP_ANALYSIS = YES;
				CLANG_WARN_STRICT_PROTOTYPES = YES;
				CLANG_WARN_SUSPICIOUS_MOVE = YES;
				CLANG_WARN_UNGUARDED_AVAILABILITY = YES_AGGRESSIVE;
				CLANG_WARN_UNREACHABLE_CODE = YES;
				CLANG_WARN__DUPLICATE_METHOD_MATCH = YES;
				CODE_SIGN_IDENTITY = "iPhone Developer";
				COPY_PHASE_STRIP = NO;
				DEBUG_INFORMATION_FORMAT = dwarf;
				ENABLE_STRICT_OBJC_MSGSEND = YES;
				ENABLE_TESTABILITY = YES;
				GCC_C_LANGUAGE_STANDARD = gnu11;
				GCC_DYNAMIC_NO_PIC = NO;
				GCC_NO_COMMON_BLOCKS = YES;
				GCC_OPTIMIZATION_LEVEL = 0;
				GCC_PREPROCESSOR_DEFINITIONS = (
					"DEBUG=1",
					"$(inherited)",
				);
				GCC_WARN_64_TO_32_BIT_CONVERSION = YES;
				GCC_WARN_ABOUT_RETURN_TYPE = YES_ERROR;
				GCC_WARN_UNDECLARED_SELECTOR = YES;
				GCC_WARN_UNINITIALIZED_AUTOS = YES_AGGRESSIVE;
				GCC_WARN_UNUSED_FUNCTION = YES;
				GCC_WARN_UNUSED_VARIABLE = YES;
				IPHONEOS_DEPLOYMENT_TARGET = 9.0;
				MTL_ENABLE_DEBUG_INFO = YES;
				ONLY_ACTIVE_ARCH = YES;
				SDKROOT = iphoneos;
			};
			name = Debug;
		};
		ABC75BED1FB6CBA4000D172F /* Release */ = {
			isa = XCBuildConfiguration;
			buildSettings = {
				ALWAYS_SEARCH_USER_PATHS = NO;
				CLANG_ANALYZER_NONNULL = YES;
				CLANG_ANALYZER_NUMBER_OBJECT_CONVERSION = YES_AGGRESSIVE;
				CLANG_CXX_LANGUAGE_STANDARD = "gnu++14";
				CLANG_CXX_LIBRARY = "libc++";
				CLANG_ENABLE_MODULES = YES;
				CLANG_ENABLE_OBJC_ARC = YES;
				CLANG_WARN_BLOCK_CAPTURE_AUTORELEASING = YES;
				CLANG_WARN_BOOL_CONVERSION = YES;
				CLANG_WARN_COMMA = YES;
				CLANG_WARN_CONSTANT_CONVERSION = YES;
				CLANG_WARN_DIRECT_OBJC_ISA_USAGE = YES_ERROR;
				CLANG_WARN_DOCUMENTATION_COMMENTS = YES;
				CLANG_WARN_EMPTY_BODY = YES;
				CLANG_WARN_ENUM_CONVERSION = YES;
				CLANG_WARN_INFINITE_RECURSION = YES;
				CLANG_WARN_INT_CONVERSION = YES;
				CLANG_WARN_NON_LITERAL_NULL_CONVERSION = YES;
				CLANG_WARN_OBJC_LITERAL_CONVERSION = YES;
				CLANG_WARN_OBJC_ROOT_CLASS = YES_ERROR;
				CLANG_WARN_RANGE_LOOP_ANALYSIS = YES;
				CLANG_WARN_STRICT_PROTOTYPES = YES;
				CLANG_WARN_SUSPICIOUS_MOVE = YES;
				CLANG_WARN_UNGUARDED_AVAILABILITY = YES_AGGRESSIVE;
				CLANG_WARN_UNREACHABLE_CODE = YES;
				CLANG_WARN__DUPLICATE_METHOD_MATCH = YES;
				CODE_SIGN_IDENTITY = "iPhone Developer";
				COPY_PHASE_STRIP = NO;
				DEBUG_INFORMATION_FORMAT = "dwarf-with-dsym";
				ENABLE_NS_ASSERTIONS = NO;
				ENABLE_STRICT_OBJC_MSGSEND = YES;
				GCC_C_LANGUAGE_STANDARD = gnu11;
				GCC_NO_COMMON_BLOCKS = YES;
				GCC_WARN_64_TO_32_BIT_CONVERSION = YES;
				GCC_WARN_ABOUT_RETURN_TYPE = YES_ERROR;
				GCC_WARN_UNDECLARED_SELECTOR = YES;
				GCC_WARN_UNINITIALIZED_AUTOS = YES_AGGRESSIVE;
				GCC_WARN_UNUSED_FUNCTION = YES;
				GCC_WARN_UNUSED_VARIABLE = YES;
				IPHONEOS_DEPLOYMENT_TARGET = 9.0;
				MTL_ENABLE_DEBUG_INFO = NO;
				SDKROOT = iphoneos;
				VALIDATE_PRODUCT = YES;
			};
			name = Release;
		};
		ABC75BEF1FB6CBA4000D172F /* Debug */ = {
			isa = XCBuildConfiguration;
			baseConfigurationReference = 89D54AC8C3E14D8E9EAB2A33 /* Pods-SYAShortVideoWithSocial.debug.xcconfig */;
			buildSettings = {
				ASSETCATALOG_COMPILER_APPICON_NAME = AppIcon;
				CODE_SIGN_STYLE = Automatic;
				DEVELOPMENT_TEAM = QHWBEW6WU7;
				GCC_PREFIX_HEADER = SYAShortVideoWithSocial/Classes/Other/SYAShortVideoWithSocial.pch;
				INFOPLIST_FILE = "$(SRCROOT)/SYAShortVideoWithSocial/Classes/Info.plist";
				LD_RUNPATH_SEARCH_PATHS = "$(inherited) @executable_path/Frameworks";
				PRODUCT_BUNDLE_IDENTIFIER = com.lejiakeji.SYAShortVideoWithSocial;
				PRODUCT_NAME = "$(TARGET_NAME)";
				TARGETED_DEVICE_FAMILY = 1;
			};
			name = Debug;
		};
		ABC75BF01FB6CBA4000D172F /* Release */ = {
			isa = XCBuildConfiguration;
			baseConfigurationReference = 5A830870134FB5B2762591F4 /* Pods-SYAShortVideoWithSocial.release.xcconfig */;
			buildSettings = {
				ASSETCATALOG_COMPILER_APPICON_NAME = AppIcon;
				CODE_SIGN_STYLE = Automatic;
				DEVELOPMENT_TEAM = QHWBEW6WU7;
				GCC_PREFIX_HEADER = SYAShortVideoWithSocial/Classes/Other/SYAShortVideoWithSocial.pch;
				INFOPLIST_FILE = "$(SRCROOT)/SYAShortVideoWithSocial/Classes/Info.plist";
				LD_RUNPATH_SEARCH_PATHS = "$(inherited) @executable_path/Frameworks";
				PRODUCT_BUNDLE_IDENTIFIER = com.lejiakeji.SYAShortVideoWithSocial;
				PRODUCT_NAME = "$(TARGET_NAME)";
				TARGETED_DEVICE_FAMILY = 1;
			};
			name = Release;
		};
/* End XCBuildConfiguration section */

/* Begin XCConfigurationList section */
		ABC75BD31FB6CBA3000D172F /* Build configuration list for PBXProject "SYAShortVideoWithSocial" */ = {
			isa = XCConfigurationList;
			buildConfigurations = (
				ABC75BEC1FB6CBA4000D172F /* Debug */,
				ABC75BED1FB6CBA4000D172F /* Release */,
			);
			defaultConfigurationIsVisible = 0;
			defaultConfigurationName = Release;
		};
		ABC75BEE1FB6CBA4000D172F /* Build configuration list for PBXNativeTarget "SYAShortVideoWithSocial" */ = {
			isa = XCConfigurationList;
			buildConfigurations = (
				ABC75BEF1FB6CBA4000D172F /* Debug */,
				ABC75BF01FB6CBA4000D172F /* Release */,
			);
			defaultConfigurationIsVisible = 0;
			defaultConfigurationName = Release;
		};
/* End XCConfigurationList section */
	};
	rootObject = ABC75BD01FB6CBA3000D172F /* Project object */;
}
